
Microsoft Visual Studio Solution File, Format Version 12.00
# Visual Studio Version 17
VisualStudioVersion = 17.10.34928.147
MinimumVisualStudioVersion = 10.0.40219.1
Project("{8BC9CEB8-8B4A-11D0-8D11-00A0C91BC942}") = "ConsoleApplication1", "ConsoleApplication1.vcxproj", "{8BEA399D-B75A-438C-BB38-C8DE950E477C}"
EndProject
Project("{8BC9CEB8-8B4A-11D0-8D11-00A0C91BC942}") = "FindChars", "..\FindChars\FindChars.vcxproj", "{FFED4100-F21A-4DC4-9F17-9E330042B1F2}"
EndProject
Global
	GlobalSection(SolutionConfigurationPlatforms) = preSolution
		Debug|Any CPU = Debug|Any CPU
		Debug|x64 = Debug|x64
		Debug|x86 = Debug|x86
		Release|Any CPU = Release|Any CPU
		Release|x64 = Release|x64
		Release|x86 = Release|x86
	EndGlobalSection
	GlobalSection(ProjectConfigurationPlatforms) = postSolution
		{8BEA399D-B75A-438C-BB38-C8DE950E477C}.Debug|Any CPU.ActiveCfg = Debug|x64
		{8BEA399D-B75A-438C-BB38-C8DE950E477C}.Debug|Any CPU.Build.0 = Debug|x64
		{8BEA399D-B75A-438C-BB38-C8DE950E477C}.Debug|x64.ActiveCfg = Debug|x64
		{8BEA399D-B75A-438C-BB38-C8DE950E477C}.Debug|x64.Build.0 = Debug|x64
		{8BEA399D-B75A-438C-BB38-C8DE950E477C}.Debug|x86.ActiveCfg = Debug|Win32
		{8BEA399D-B75A-438C-BB38-C8DE950E477C}.Debug|x86.Build.0 = Debug|Win32
		{8BEA399D-B75A-438C-BB38-C8DE950E477C}.Release|Any CPU.ActiveCfg = Release|x64
		{8BEA399D-B75A-438C-BB38-C8DE950E477C}.Release|Any CPU.Build.0 = Release|x64
		{8BEA399D-B75A-438C-BB38-C8DE950E477C}.Release|x64.ActiveCfg = Release|x64
		{8BEA399D-B75A-438C-BB38-C8DE950E477C}.Release|x64.Build.0 = Release|x64
		{8BEA399D-B75A-438C-BB38-C8DE950E477C}.Release|x86.ActiveCfg = Release|Win32
		{8BEA399D-B75A-438C-BB38-C8DE950E477C}.Release|x86.Build.0 = Release|Win32
		{FFED4100-F21A-4DC4-9F17-9E330042B1F2}.Debug|Any CPU.ActiveCfg = Debug|x64
		{FFED4100-F21A-4DC4-9F17-9E330042B1F2}.Debug|Any CPU.Build.0 = Debug|x64
		{FFED4100-F21A-4DC4-9F17-9E330042B1F2}.Debug|x64.ActiveCfg = Debug|x64
		{FFED4100-F21A-4DC4-9F17-9E330042B1F2}.Debug|x64.Build.0 = Debug|x64
		{FFED4100-F21A-4DC4-9F17-9E330042B1F2}.Debug|x86.ActiveCfg = Debug|Win32
		{FFED4100-F21A-4DC4-9F17-9E330042B1F2}.Debug|x86.Build.0 = Debug|Win32
		{FFED4100-F21A-4DC4-9F17-9E330042B1F2}.Release|Any CPU.ActiveCfg = Release|x64
		{FFED4100-F21A-4DC4-9F17-9E330042B1F2}.Release|Any CPU.Build.0 = Release|x64
		{FFED4100-F21A-4DC4-9F17-9E330042B1F2}.Release|x64.ActiveCfg = Release|x64
		{FFED4100-F21A-4DC4-9F17-9E330042B1F2}.Release|x64.Build.0 = Release|x64
		{FFED4100-F21A-4DC4-9F17-9E330042B1F2}.Release|x86.ActiveCfg = Release|Win32
		{FFED4100-F21A-4DC4-9F17-9E330042B1F2}.Release|x86.Build.0 = Release|Win32
	EndGlobalSection
	GlobalSection(SolutionProperties) = preSolution
		HideSolutionNode = FALSE
	EndGlobalSection
	GlobalSection(ExtensibilityGlobals) = postSolution
		SolutionGuid = {A744CEDC-BC25-4E15-9329-FB153275A668}
	EndGlobalSection
EndGlobal
